
Microsoft Visual Studio Solution File, Format Version 12.00
# Visual Studio Version 17
VisualStudioVersion = 17.14.36414.22 d17.14
MinimumVisualStudioVersion = 10.0.40219.1
Project("{FAE04EC0-301F-11D3-BF4B-00C04F79EFBC}") = "HalfLife", "HalfLife.csproj", "{58894B2C-6FD8-48C7-9EAC-D17A9CF64A6C}"
EndProject
Global
	GlobalSection(SolutionConfigurationPlatforms) = preSolution
		Debug|Any CPU = Debug|Any CPU
		Release|Any CPU = Release|Any CPU
	EndGlobalSection
	GlobalSection(ProjectConfigurationPlatforms) = postSolution
		{58894B2C-6FD8-48C7-9EAC-D17A9CF64A6C}.Debug|Any CPU.ActiveCfg = Debug|Any CPU
		{58894B2C-6FD8-48C7-9EAC-D17A9CF64A6C}.Debug|Any CPU.Build.0 = Debug|Any CPU
		{58894B2C-6FD8-48C7-9EAC-D17A9CF64A6C}.Release|Any CPU.ActiveCfg = Release|Any CPU
		{58894B2C-6FD8-48C7-9EAC-D17A9CF64A6C}.Release|Any CPU.Build.0 = Release|Any CPU
	EndGlobalSection
	GlobalSection(SolutionProperties) = preSolution
		HideSolutionNode = FALSE
	EndGlobalSection
	GlobalSection(ExtensibilityGlobals) = postSolution
		SolutionGuid = {9FFC1475-964B-4434-9BBC-0E159C6D5DDA}
	EndGlobalSection
EndGlobal
